
Microsoft Visual Studio Solution File, Format Version 12.00
# Visual Studio Version 17
VisualStudioVersion = 17.14.36327.8 d17.14
MinimumVisualStudioVersion = 10.0.40219.1
Project("{FAE04EC0-301F-11D3-BF4B-00C04F79EFBC}") = "PerfectOddEvenNumber", "PerfectOddEvenNumber.csproj", "{BCCE7256-7200-4A28-BEF2-A876F7B4148A}"
EndProject
Global
	GlobalSection(SolutionConfigurationPlatforms) = preSolution
		Debug|Any CPU = Debug|Any CPU
		Release|Any CPU = Release|Any CPU
	EndGlobalSection
	GlobalSection(ProjectConfigurationPlatforms) = postSolution
		{BCCE7256-7200-4A28-BEF2-A876F7B4148A}.Debug|Any CPU.ActiveCfg = Debug|Any CPU
		{BCCE7256-7200-4A28-BEF2-A876F7B4148A}.Debug|Any CPU.Build.0 = Debug|Any CPU
		{BCCE7256-7200-4A28-BEF2-A876F7B4148A}.Release|Any CPU.ActiveCfg = Release|Any CPU
		{BCCE7256-7200-4A28-BEF2-A876F7B4148A}.Release|Any CPU.Build.0 = Release|Any CPU
	EndGlobalSection
	GlobalSection(SolutionProperties) = preSolution
		HideSolutionNode = FALSE
	EndGlobalSection
	GlobalSection(ExtensibilityGlobals) = postSolution
		SolutionGuid = {62ACF865-E1AC-4ADB-A9E9-D99C7033E3D4}
	EndGlobalSection
EndGlobal
