
Microsoft Visual Studio Solution File, Format Version 12.00
# Visual Studio Version 17
VisualStudioVersion = 17.14.36327.8 d17.14
MinimumVisualStudioVersion = 10.0.40219.1
Project("{FAE04EC0-301F-11D3-BF4B-00C04F79EFBC}") = "HireDriverCaseOne", "HireDriverCaseOne.csproj", "{E46766CA-5DF7-4DC1-AC0E-7B70F2B9FEC4}"
EndProject
Global
	GlobalSection(SolutionConfigurationPlatforms) = preSolution
		Debug|Any CPU = Debug|Any CPU
		Release|Any CPU = Release|Any CPU
	EndGlobalSection
	GlobalSection(ProjectConfigurationPlatforms) = postSolution
		{E46766CA-5DF7-4DC1-AC0E-7B70F2B9FEC4}.Debug|Any CPU.ActiveCfg = Debug|Any CPU
		{E46766CA-5DF7-4DC1-AC0E-7B70F2B9FEC4}.Debug|Any CPU.Build.0 = Debug|Any CPU
		{E46766CA-5DF7-4DC1-AC0E-7B70F2B9FEC4}.Release|Any CPU.ActiveCfg = Release|Any CPU
		{E46766CA-5DF7-4DC1-AC0E-7B70F2B9FEC4}.Release|Any CPU.Build.0 = Release|Any CPU
	EndGlobalSection
	GlobalSection(SolutionProperties) = preSolution
		HideSolutionNode = FALSE
	EndGlobalSection
	GlobalSection(ExtensibilityGlobals) = postSolution
		SolutionGuid = {855EE683-7F99-4590-B7D0-470165E4E45D}
	EndGlobalSection
EndGlobal
