
Microsoft Visual Studio Solution File, Format Version 12.00
# Visual Studio Version 17
VisualStudioVersion = 17.14.36327.8 d17.14
MinimumVisualStudioVersion = 10.0.40219.1
Project("{FAE04EC0-301F-11D3-BF4B-00C04F79EFBC}") = "CalculatorCSharpOOPPerfect", "CalculatorCSharpOOPPerfect\CalculatorCSharpOOPPerfect.csproj", "{4DA9F719-C452-4CBC-B987-8EA9E6F178A9}"
EndProject
Global
	GlobalSection(SolutionConfigurationPlatforms) = preSolution
		Debug|Any CPU = Debug|Any CPU
		Release|Any CPU = Release|Any CPU
	EndGlobalSection
	GlobalSection(ProjectConfigurationPlatforms) = postSolution
		{4DA9F719-C452-4CBC-B987-8EA9E6F178A9}.Debug|Any CPU.ActiveCfg = Debug|Any CPU
		{4DA9F719-C452-4CBC-B987-8EA9E6F178A9}.Debug|Any CPU.Build.0 = Debug|Any CPU
		{4DA9F719-C452-4CBC-B987-8EA9E6F178A9}.Release|Any CPU.ActiveCfg = Release|Any CPU
		{4DA9F719-C452-4CBC-B987-8EA9E6F178A9}.Release|Any CPU.Build.0 = Release|Any CPU
	EndGlobalSection
	GlobalSection(SolutionProperties) = preSolution
		HideSolutionNode = FALSE
	EndGlobalSection
	GlobalSection(ExtensibilityGlobals) = postSolution
		SolutionGuid = {9ABA33A5-D27D-4783-AD78-A30963F92F0D}
	EndGlobalSection
EndGlobal
