
Microsoft Visual Studio Solution File, Format Version 12.00
# Visual Studio Version 17
VisualStudioVersion = 17.14.36327.8 d17.14
MinimumVisualStudioVersion = 10.0.40219.1
Project("{FAE04EC0-301F-11D3-BF4B-00C04F79EFBC}") = "abpCatalogPermissions", "abpCatalogPermissions\abpCatalogPermissions.csproj", "{3562AA73-1091-4C9B-A465-5945745606D5}"
EndProject
Global
	GlobalSection(SolutionConfigurationPlatforms) = preSolution
		Debug|Any CPU = Debug|Any CPU
		Release|Any CPU = Release|Any CPU
	EndGlobalSection
	GlobalSection(ProjectConfigurationPlatforms) = postSolution
		{3562AA73-1091-4C9B-A465-5945745606D5}.Debug|Any CPU.ActiveCfg = Debug|Any CPU
		{3562AA73-1091-4C9B-A465-5945745606D5}.Debug|Any CPU.Build.0 = Debug|Any CPU
		{3562AA73-1091-4C9B-A465-5945745606D5}.Release|Any CPU.ActiveCfg = Release|Any CPU
		{3562AA73-1091-4C9B-A465-5945745606D5}.Release|Any CPU.Build.0 = Release|Any CPU
	EndGlobalSection
	GlobalSection(SolutionProperties) = preSolution
		HideSolutionNode = FALSE
	EndGlobalSection
	GlobalSection(ExtensibilityGlobals) = postSolution
		SolutionGuid = {68EE9987-85EA-430D-BB53-C1276AA030BD}
	EndGlobalSection
EndGlobal
