
Microsoft Visual Studio Solution File, Format Version 12.00
# Visual Studio Version 17
VisualStudioVersion = 17.14.36327.8 d17.14
MinimumVisualStudioVersion = 10.0.40219.1
Project("{FAE04EC0-301F-11D3-BF4B-00C04F79EFBC}") = "CustomerManagementSystem", "CustomerManagementSystem.csproj", "{201AFCC0-A53D-44C3-BC45-7F3DBCF74E37}"
EndProject
Global
	GlobalSection(SolutionConfigurationPlatforms) = preSolution
		Debug|Any CPU = Debug|Any CPU
		Release|Any CPU = Release|Any CPU
	EndGlobalSection
	GlobalSection(ProjectConfigurationPlatforms) = postSolution
		{201AFCC0-A53D-44C3-BC45-7F3DBCF74E37}.Debug|Any CPU.ActiveCfg = Debug|Any CPU
		{201AFCC0-A53D-44C3-BC45-7F3DBCF74E37}.Debug|Any CPU.Build.0 = Debug|Any CPU
		{201AFCC0-A53D-44C3-BC45-7F3DBCF74E37}.Release|Any CPU.ActiveCfg = Release|Any CPU
		{201AFCC0-A53D-44C3-BC45-7F3DBCF74E37}.Release|Any CPU.Build.0 = Release|Any CPU
	EndGlobalSection
	GlobalSection(SolutionProperties) = preSolution
		HideSolutionNode = FALSE
	EndGlobalSection
	GlobalSection(ExtensibilityGlobals) = postSolution
		SolutionGuid = {ADD02DE7-B4A1-48FD-9A93-01855D5F0708}
	EndGlobalSection
EndGlobal
